// !$*UTF8*$!
{
	archiveVersion = 1;
	classes = {
	};
	objectVersion = 51;
	objects = {

/* Begin PBXBuildFile section */
		AF6249810F07281E2C743442 /* Pods_PomeloTest.framework in Frameworks */ = {isa = PBXBuildFile; fileRef = 9D0EE1A4129CC83ABAD1A9AC /* Pods_PomeloTest.framework */; };
		DA2B580E24EA6E3900548761 /* AppDelegate.swift in Sources */ = {isa = PBXBuildFile; fileRef = DA2B580D24EA6E3900548761 /* AppDelegate.swift */; };
		DA2B581024EA6E3900548761 /* SceneDelegate.swift in Sources */ = {isa = PBXBuildFile; fileRef = DA2B580F24EA6E3900548761 /* SceneDelegate.swift */; };
		DA2B581224EA6E3900548761 /* PickupStoreViewController.swift in Sources */ = {isa = PBXBuildFile; fileRef = DA2B581124EA6E3900548761 /* PickupStoreViewController.swift */; };
		DA2B581524EA6E3900548761 /* Main.storyboard in Resources */ = {isa = PBXBuildFile; fileRef = DA2B581324EA6E3900548761 /* Main.storyboard */; };
		DA2B581724EA6E3B00548761 /* Assets.xcassets in Resources */ = {isa = PBXBuildFile; fileRef = DA2B581624EA6E3B00548761 /* Assets.xcassets */; };
		DA2B581A24EA6E3B00548761 /* LaunchScreen.storyboard in Resources */ = {isa = PBXBuildFile; fileRef = DA2B581824EA6E3B00548761 /* LaunchScreen.storyboard */; };
		DA2B582324EA711C00548761 /* StoreLocationCell.swift in Sources */ = {isa = PBXBuildFile; fileRef = DA2B582124EA711C00548761 /* StoreLocationCell.swift */; };
		DA2B582424EA711C00548761 /* StoreLocationCell.xib in Resources */ = {isa = PBXBuildFile; fileRef = DA2B582224EA711C00548761 /* StoreLocationCell.xib */; };
		DAF8C11F24EAD515001BB026 /* PickupStoreLocation.swift in Sources */ = {isa = PBXBuildFile; fileRef = DAF8C11E24EAD515001BB026 /* PickupStoreLocation.swift */; };
		DAF8C12124EAD52D001BB026 /* PickupStoreLocationInformation.swift in Sources */ = {isa = PBXBuildFile; fileRef = DAF8C12024EAD52D001BB026 /* PickupStoreLocationInformation.swift */; };
/* End PBXBuildFile section */

/* Begin PBXFileReference section */
		1D20DF80435E356383EB430C /* Pods-PomeloTest.release.xcconfig */ = {isa = PBXFileReference; includeInIndex = 1; lastKnownFileType = text.xcconfig; name = "Pods-PomeloTest.release.xcconfig"; path = "Target Support Files/Pods-PomeloTest/Pods-PomeloTest.release.xcconfig"; sourceTree = "<group>"; };
		77D781F69B30A7993DCB12A0 /* Pods-PomeloTest.debug.xcconfig */ = {isa = PBXFileReference; includeInIndex = 1; lastKnownFileType = text.xcconfig; name = "Pods-PomeloTest.debug.xcconfig"; path = "Target Support Files/Pods-PomeloTest/Pods-PomeloTest.debug.xcconfig"; sourceTree = "<group>"; };
		9D0EE1A4129CC83ABAD1A9AC /* Pods_PomeloTest.framework */ = {isa = PBXFileReference; explicitFileType = wrapper.framework; includeInIndex = 0; path = Pods_PomeloTest.framework; sourceTree = BUILT_PRODUCTS_DIR; };
		DA2B580A24EA6E3900548761 /* PomeloTest.app */ = {isa = PBXFileReference; explicitFileType = wrapper.application; includeInIndex = 0; path = PomeloTest.app; sourceTree = BUILT_PRODUCTS_DIR; };
		DA2B580D24EA6E3900548761 /* AppDelegate.swift */ = {isa = PBXFileReference; lastKnownFileType = sourcecode.swift; path = AppDelegate.swift; sourceTree = "<group>"; };
		DA2B580F24EA6E3900548761 /* SceneDelegate.swift */ = {isa = PBXFileReference; lastKnownFileType = sourcecode.swift; path = SceneDelegate.swift; sourceTree = "<group>"; };
		DA2B581124EA6E3900548761 /* PickupStoreViewController.swift */ = {isa = PBXFileReference; lastKnownFileType = sourcecode.swift; path = PickupStoreViewController.swift; sourceTree = "<group>"; };
		DA2B581424EA6E3900548761 /* Base */ = {isa = PBXFileReference; lastKnownFileType = file.storyboard; name = Base; path = Base.lproj/Main.storyboard; sourceTree = "<group>"; };
		DA2B581624EA6E3B00548761 /* Assets.xcassets */ = {isa = PBXFileReference; lastKnownFileType = folder.assetcatalog; path = Assets.xcassets; sourceTree = "<group>"; };
		DA2B581924EA6E3B00548761 /* Base */ = {isa = PBXFileReference; lastKnownFileType = file.storyboard; name = Base; path = Base.lproj/LaunchScreen.storyboard; sourceTree = "<group>"; };
		DA2B581B24EA6E3B00548761 /* Info.plist */ = {isa = PBXFileReference; lastKnownFileType = text.plist.xml; path = Info.plist; sourceTree = "<group>"; };
		DA2B582124EA711C00548761 /* StoreLocationCell.swift */ = {isa = PBXFileReference; lastKnownFileType = sourcecode.swift; path = StoreLocationCell.swift; sourceTree = "<group>"; };
		DA2B582224EA711C00548761 /* StoreLocationCell.xib */ = {isa = PBXFileReference; lastKnownFileType = file.xib; path = StoreLocationCell.xib; sourceTree = "<group>"; };
		DAF8C11E24EAD515001BB026 /* PickupStoreLocation.swift */ = {isa = PBXFileReference; lastKnownFileType = sourcecode.swift; path = PickupStoreLocation.swift; sourceTree = "<group>"; };
		DAF8C12024EAD52D001BB026 /* PickupStoreLocationInformation.swift */ = {isa = PBXFileReference; lastKnownFileType = sourcecode.swift; path = PickupStoreLocationInformation.swift; sourceTree = "<group>"; };
/* End PBXFileReference section */

/* Begin PBXFrameworksBuildPhase section */
		DA2B580724EA6E3900548761 /* Frameworks */ = {
			isa = PBXFrameworksBuildPhase;
			buildActionMask = 2147483647;
			files = (
				AF6249810F07281E2C743442 /* Pods_PomeloTest.framework in Frameworks */,
			);
			runOnlyForDeploymentPostprocessing = 0;
		};
/* End PBXFrameworksBuildPhase section */

/* Begin PBXGroup section */
		C91C65532F64AEB3F0082873 /* Pods */ = {
			isa = PBXGroup;
			children = (
				77D781F69B30A7993DCB12A0 /* Pods-PomeloTest.debug.xcconfig */,
				1D20DF80435E356383EB430C /* Pods-PomeloTest.release.xcconfig */,
			);
			path = Pods;
			sourceTree = "<group>";
		};
		CB1EF0B8EC151F30668BF70C /* Frameworks */ = {
			isa = PBXGroup;
			children = (
				9D0EE1A4129CC83ABAD1A9AC /* Pods_PomeloTest.framework */,
			);
			name = Frameworks;
			sourceTree = "<group>";
		};
		DA10AE5724EC296F00F226DD /* PickupStore */ = {
			isa = PBXGroup;
			children = (
				DA2B581124EA6E3900548761 /* PickupStoreViewController.swift */,
				DAF8C11D24EAD4FF001BB026 /* Model */,
			);
			path = PickupStore;
			sourceTree = "<group>";
		};
		DA2B580124EA6E3900548761 = {
			isa = PBXGroup;
			children = (
				DA2B580C24EA6E3900548761 /* PomeloTest */,
				DA2B580B24EA6E3900548761 /* Products */,
				C91C65532F64AEB3F0082873 /* Pods */,
				CB1EF0B8EC151F30668BF70C /* Frameworks */,
			);
			sourceTree = "<group>";
		};
		DA2B580B24EA6E3900548761 /* Products */ = {
			isa = PBXGroup;
			children = (
				DA2B580A24EA6E3900548761 /* PomeloTest.app */,
			);
			name = Products;
			sourceTree = "<group>";
		};
		DA2B580C24EA6E3900548761 /* PomeloTest */ = {
			isa = PBXGroup;
			children = (
				DA10AE5724EC296F00F226DD /* PickupStore */,
				DA2B580D24EA6E3900548761 /* AppDelegate.swift */,
				DA2B580F24EA6E3900548761 /* SceneDelegate.swift */,
				DA2B581324EA6E3900548761 /* Main.storyboard */,
				DA2B581624EA6E3B00548761 /* Assets.xcassets */,
				DA2B581824EA6E3B00548761 /* LaunchScreen.storyboard */,
				DA2B581B24EA6E3B00548761 /* Info.plist */,
				DA2B582124EA711C00548761 /* StoreLocationCell.swift */,
				DA2B582224EA711C00548761 /* StoreLocationCell.xib */,
			);
			path = PomeloTest;
			sourceTree = "<group>";
		};
		DAF8C11D24EAD4FF001BB026 /* Model */ = {
			isa = PBXGroup;
			children = (
				DAF8C11E24EAD515001BB026 /* PickupStoreLocation.swift */,
				DAF8C12024EAD52D001BB026 /* PickupStoreLocationInformation.swift */,
			);
			path = Model;
			sourceTree = "<group>";
		};
/* End PBXGroup section */

/* Begin PBXNativeTarget section */
		DA2B580924EA6E3900548761 /* PomeloTest */ = {
			isa = PBXNativeTarget;
			buildConfigurationList = DA2B581E24EA6E3B00548761 /* Build configuration list for PBXNativeTarget "PomeloTest" */;
			buildPhases = (
				62F8841E665655533068535D /* [CP] Check Pods Manifest.lock */,
				DA2B580624EA6E3900548761 /* Sources */,
				DA2B580724EA6E3900548761 /* Frameworks */,
				DA2B580824EA6E3900548761 /* Resources */,
				CBE906584B9CBC73DE54C82E /* [CP] Embed Pods Frameworks */,
			);
			buildRules = (
			);
			dependencies = (
			);
			name = PomeloTest;
			productName = PomeloTest;
			productReference = DA2B580A24EA6E3900548761 /* PomeloTest.app */;
			productType = "com.apple.product-type.application";
		};
/* End PBXNativeTarget section */

/* Begin PBXProject section */
		DA2B580224EA6E3900548761 /* Project object */ = {
			isa = PBXProject;
			attributes = {
				LastSwiftUpdateCheck = 1160;
				LastUpgradeCheck = 1160;
				ORGANIZATIONNAME = "Piyatat  Thianboonsong";
				TargetAttributes = {
					DA2B580924EA6E3900548761 = {
						CreatedOnToolsVersion = 11.6;
					};
				};
			};
			buildConfigurationList = DA2B580524EA6E3900548761 /* Build configuration list for PBXProject "PomeloTest" */;
			compatibilityVersion = "Xcode 9.3";
			developmentRegion = en;
			hasScannedForEncodings = 0;
			knownRegions = (
				en,
				Base,
			);
			mainGroup = DA2B580124EA6E3900548761;
			productRefGroup = DA2B580B24EA6E3900548761 /* Products */;
			projectDirPath = "";
			projectRoot = "";
			targets = (
				DA2B580924EA6E3900548761 /* PomeloTest */,
			);
		};
/* End PBXProject section */

/* Begin PBXResourcesBuildPhase section */
		DA2B580824EA6E3900548761 /* Resources */ = {
			isa = PBXResourcesBuildPhase;
			buildActionMask = 2147483647;
			files = (
				DA2B582424EA711C00548761 /* StoreLocationCell.xib in Resources */,
				DA2B581A24EA6E3B00548761 /* LaunchScreen.storyboard in Resources */,
				DA2B581724EA6E3B00548761 /* Assets.xcassets in Resources */,
				DA2B581524EA6E3900548761 /* Main.storyboard in Resources */,
			);
			runOnlyForDeploymentPostprocessing = 0;
		};
/* End PBXResourcesBuildPhase section */

/* Begin PBXShellScriptBuildPhase section */
		62F8841E665655533068535D /* [CP] Check Pods Manifest.lock */ = {
			isa = PBXShellScriptBuildPhase;
			buildActionMask = 2147483647;
			files = (
			);
			inputFileListPaths = (
			);
			inputPaths = (
				"${PODS_PODFILE_DIR_PATH}/Podfile.lock",
				"${PODS_ROOT}/Manifest.lock",
			);
			name = "[CP] Check Pods Manifest.lock";
			outputFileListPaths = (
			);
			outputPaths = (
				"$(DERIVED_FILE_DIR)/Pods-PomeloTest-checkManifestLockResult.txt",
			);
			runOnlyForDeploymentPostprocessing = 0;
			shellPath = /bin/sh;
			shellScript = "diff \"${PODS_PODFILE_DIR_PATH}/Podfile.lock\" \"${PODS_ROOT}/Manifest.lock\" > /dev/null\nif [ $? != 0 ] ; then\n    # print error to STDERR\n    echo \"error: The sandbox is not in sync with the Podfile.lock. Run 'pod install' or update your CocoaPods installation.\" >&2\n    exit 1\nfi\n# This output is used by Xcode 'outputs' to avoid re-running this script phase.\necho \"SUCCESS\" > \"${SCRIPT_OUTPUT_FILE_0}\"\n";
			showEnvVarsInLog = 0;
		};
		CBE906584B9CBC73DE54C82E /* [CP] Embed Pods Frameworks */ = {
			isa = PBXShellScriptBuildPhase;
			buildActionMask = 2147483647;
			files = (
			);
			inputFileListPaths = (
				"${PODS_ROOT}/Target Support Files/Pods-PomeloTest/Pods-PomeloTest-frameworks-${CONFIGURATION}-input-files.xcfilelist",
			);
			name = "[CP] Embed Pods Frameworks";
			outputFileListPaths = (
				"${PODS_ROOT}/Target Support Files/Pods-PomeloTest/Pods-PomeloTest-frameworks-${CONFIGURATION}-output-files.xcfilelist",
			);
			runOnlyForDeploymentPostprocessing = 0;
			shellPath = /bin/sh;
			shellScript = "\"${PODS_ROOT}/Target Support Files/Pods-PomeloTest/Pods-PomeloTest-frameworks.sh\"\n";
			showEnvVarsInLog = 0;
		};
/* End PBXShellScriptBuildPhase section */

/* Begin PBXSourcesBuildPhase section */
		DA2B580624EA6E3900548761 /* Sources */ = {
			isa = PBXSourcesBuildPhase;
			buildActionMask = 2147483647;
			files = (
				DA2B582324EA711C00548761 /* StoreLocationCell.swift in Sources */,
				DAF8C11F24EAD515001BB026 /* PickupStoreLocation.swift in Sources */,
				DA2B581224EA6E3900548761 /* PickupStoreViewController.swift in Sources */,
				DAF8C12124EAD52D001BB026 /* PickupStoreLocationInformation.swift in Sources */,
				DA2B580E24EA6E3900548761 /* AppDelegate.swift in Sources */,
				DA2B581024EA6E3900548761 /* SceneDelegate.swift in Sources */,
			);
			runOnlyForDeploymentPostprocessing = 0;
		};
/* End PBXSourcesBuildPhase section */

/* Begin PBXVariantGroup section */
		DA2B581324EA6E3900548761 /* Main.storyboard */ = {
			isa = PBXVariantGroup;
			children = (
				DA2B581424EA6E3900548761 /* Base */,
			);
			name = Main.storyboard;
			sourceTree = "<group>";
		};
		DA2B581824EA6E3B00548761 /* LaunchScreen.storyboard */ = {
			isa = PBXVariantGroup;
			children = (
				DA2B581924EA6E3B00548761 /* Base */,
			);
			name = LaunchScreen.storyboard;
			sourceTree = "<group>";
		};
/* End PBXVariantGroup section */

/* Begin XCBuildConfiguration section */
		DA2B581C24EA6E3B00548761 /* Debug */ = {
			isa = XCBuildConfiguration;
			buildSettings = {
				ALWAYS_SEARCH_USER_PATHS = NO;
				CLANG_ANALYZER_NONNULL = YES;
				CLANG_ANALYZER_NUMBER_OBJECT_CONVERSION = YES_AGGRESSIVE;
				CLANG_CXX_LANGUAGE_STANDARD = "gnu++14";
				CLANG_CXX_LIBRARY = "libc++";
				CLANG_ENABLE_MODULES = YES;
				CLANG_ENABLE_OBJC_ARC = YES;
				CLANG_ENABLE_OBJC_WEAK = YES;
				CLANG_WARN_BLOCK_CAPTURE_AUTORELEASING = YES;
				CLANG_WARN_BOOL_CONVERSION = YES;
				CLANG_WARN_COMMA = YES;
				CLANG_WARN_CONSTANT_CONVERSION = YES;
				CLANG_WARN_DEPRECATED_OBJC_IMPLEMENTATIONS = YES;
				CLANG_WARN_DIRECT_OBJC_ISA_USAGE = YES_ERROR;
				CLANG_WARN_DOCUMENTATION_COMMENTS = YES;
				CLANG_WARN_EMPTY_BODY = YES;
				CLANG_WARN_ENUM_CONVERSION = YES;
				CLANG_WARN_INFINITE_RECURSION = YES;
				CLANG_WARN_INT_CONVERSION = YES;
				CLANG_WARN_NON_LITERAL_NULL_CONVERSION = YES;
				CLANG_WARN_OBJC_IMPLICIT_RETAIN_SELF = YES;
				CLANG_WARN_OBJC_LITERAL_CONVERSION = YES;
				CLANG_WARN_OBJC_ROOT_CLASS = YES_ERROR;
				CLANG_WARN_RANGE_LOOP_ANALYSIS = YES;
				CLANG_WARN_STRICT_PROTOTYPES = YES;
				CLANG_WARN_SUSPICIOUS_MOVE = YES;
				CLANG_WARN_UNGUARDED_AVAILABILITY = YES_AGGRESSIVE;
				CLANG_WARN_UNREACHABLE_CODE = YES;
				CLANG_WARN__DUPLICATE_METHOD_MATCH = YES;
				COPY_PHASE_STRIP = NO;
				DEBUG_INFORMATION_FORMAT = dwarf;
				ENABLE_STRICT_OBJC_MSGSEND = YES;
				ENABLE_TESTABILITY = YES;
				GCC_C_LANGUAGE_STANDARD = gnu11;
				GCC_DYNAMIC_NO_PIC = NO;
				GCC_NO_COMMON_BLOCKS = YES;
				GCC_OPTIMIZATION_LEVEL = 0;
				GCC_PREPROCESSOR_DEFINITIONS = (
					"DEBUG=1",
					"$(inherited)",
				);
				GCC_WARN_64_TO_32_BIT_CONVERSION = YES;
				GCC_WARN_ABOUT_RETURN_TYPE = YES_ERROR;
				GCC_WARN_UNDECLARED_SELECTOR = YES;
				GCC_WARN_UNINITIALIZED_AUTOS = YES_AGGRESSIVE;
				GCC_WARN_UNUSED_FUNCTION = YES;
				GCC_WARN_UNUSED_VARIABLE = YES;
				IPHONEOS_DEPLOYMENT_TARGET = 13.5;
				MTL_ENABLE_DEBUG_INFO = INCLUDE_SOURCE;
				MTL_FAST_MATH = YES;
				ONLY_ACTIVE_ARCH = YES;
				SDKROOT = iphoneos;
				SWIFT_ACTIVE_COMPILATION_CONDITIONS = DEBUG;
				SWIFT_OPTIMIZATION_LEVEL = "-Onone";
			};
			name = Debug;
		};
		DA2B581D24EA6E3B00548761 /* Release */ = {
			isa = XCBuildConfiguration;
			buildSettings = {
				ALWAYS_SEARCH_USER_PATHS = NO;
				CLANG_ANALYZER_NONNULL = YES;
				CLANG_ANALYZER_NUMBER_OBJECT_CONVERSION = YES_AGGRESSIVE;
				CLANG_CXX_LANGUAGE_STANDARD = "gnu++14";
				CLANG_CXX_LIBRARY = "libc++";
				CLANG_ENABLE_MODULES = YES;
				CLANG_ENABLE_OBJC_ARC = YES;
				CLANG_ENABLE_OBJC_WEAK = YES;
				CLANG_WARN_BLOCK_CAPTURE_AUTORELEASING = YES;
				CLANG_WARN_BOOL_CONVERSION = YES;
				CLANG_WARN_COMMA = YES;
				CLANG_WARN_CONSTANT_CONVERSION = YES;
				CLANG_WARN_DEPRECATED_OBJC_IMPLEMENTATIONS = YES;
				CLANG_WARN_DIRECT_OBJC_ISA_USAGE = YES_ERROR;
				CLANG_WARN_DOCUMENTATION_COMMENTS = YES;
				CLANG_WARN_EMPTY_BODY = YES;
				CLANG_WARN_ENUM_CONVERSION = YES;
				CLANG_WARN_INFINITE_RECURSION = YES;
				CLANG_WARN_INT_CONVERSION = YES;
				CLANG_WARN_NON_LITERAL_NULL_CONVERSION = YES;
				CLANG_WARN_OBJC_IMPLICIT_RETAIN_SELF = YES;
				CLANG_WARN_OBJC_LITERAL_CONVERSION = YES;
				CLANG_WARN_OBJC_ROOT_CLASS = YES_ERROR;
				CLANG_WARN_RANGE_LOOP_ANALYSIS = YES;
				CLANG_WARN_STRICT_PROTOTYPES = YES;
				CLANG_WARN_SUSPICIOUS_MOVE = YES;
				CLANG_WARN_UNGUARDED_AVAILABILITY = YES_AGGRESSIVE;
				CLANG_WARN_UNREACHABLE_CODE = YES;
				CLANG_WARN__DUPLICATE_METHOD_MATCH = YES;
				COPY_PHASE_STRIP = NO;
				DEBUG_INFORMATION_FORMAT = "dwarf-with-dsym";
				ENABLE_NS_ASSERTIONS = NO;
				ENABLE_STRICT_OBJC_MSGSEND = YES;
				GCC_C_LANGUAGE_STANDARD = gnu11;
				GCC_NO_COMMON_BLOCKS = YES;
				GCC_WARN_64_TO_32_BIT_CONVERSION = YES;
				GCC_WARN_ABOUT_RETURN_TYPE = YES_ERROR;
				GCC_WARN_UNDECLARED_SELECTOR = YES;
				GCC_WARN_UNINITIALIZED_AUTOS = YES_AGGRESSIVE;
				GCC_WARN_UNUSED_FUNCTION = YES;
				GCC_WARN_UNUSED_VARIABLE = YES;
				IPHONEOS_DEPLOYMENT_TARGET = 13.5;
				MTL_ENABLE_DEBUG_INFO = NO;
				MTL_FAST_MATH = YES;
				SDKROOT = iphoneos;
				SWIFT_COMPILATION_MODE = wholemodule;
				SWIFT_OPTIMIZATION_LEVEL = "-O";
				VALIDATE_PRODUCT = YES;
			};
			name = Release;
		};
		DA2B581F24EA6E3B00548761 /* Debug */ = {
			isa = XCBuildConfiguration;
			baseConfigurationReference = 77D781F69B30A7993DCB12A0 /* Pods-PomeloTest.debug.xcconfig */;
			buildSettings = {
				ASSETCATALOG_COMPILER_APPICON_NAME = AppIcon;
				CODE_SIGN_STYLE = Automatic;
				DEVELOPMENT_TEAM = QQLG7C29F5;
				INFOPLIST_FILE = PomeloTest/Info.plist;
				IPHONEOS_DEPLOYMENT_TARGET = 13.5;
				LD_RUNPATH_SEARCH_PATHS = (
					"$(inherited)",
					"@executable_path/Frameworks",
				);
				PRODUCT_BUNDLE_IDENTIFIER = com.itiiim.PomeloTest;
				PRODUCT_NAME = "$(TARGET_NAME)";
				SWIFT_VERSION = 5.0;
				TARGETED_DEVICE_FAMILY = "1,2";
			};
			name = Debug;
		};
		DA2B582024EA6E3B00548761 /* Release */ = {
			isa = XCBuildConfiguration;
			baseConfigurationReference = 1D20DF80435E356383EB430C /* Pods-PomeloTest.release.xcconfig */;
			buildSettings = {
				ASSETCATALOG_COMPILER_APPICON_NAME = AppIcon;
				CODE_SIGN_STYLE = Automatic;
				DEVELOPMENT_TEAM = QQLG7C29F5;
				INFOPLIST_FILE = PomeloTest/Info.plist;
				IPHONEOS_DEPLOYMENT_TARGET = 13.5;
				LD_RUNPATH_SEARCH_PATHS = (
					"$(inherited)",
					"@executable_path/Frameworks",
				);
				PRODUCT_BUNDLE_IDENTIFIER = com.itiiim.PomeloTest;
				PRODUCT_NAME = "$(TARGET_NAME)";
				SWIFT_VERSION = 5.0;
				TARGETED_DEVICE_FAMILY = "1,2";
			};
			name = Release;
		};
/* End XCBuildConfiguration section */

/* Begin XCConfigurationList section */
		DA2B580524EA6E3900548761 /* Build configuration list for PBXProject "PomeloTest" */ = {
			isa = XCConfigurationList;
			buildConfigurations = (
				DA2B581C24EA6E3B00548761 /* Debug */,
				DA2B581D24EA6E3B00548761 /* Release */,
			);
			defaultConfigurationIsVisible = 0;
			defaultConfigurationName = Release;
		};
		DA2B581E24EA6E3B00548761 /* Build configuration list for PBXNativeTarget "PomeloTest" */ = {
			isa = XCConfigurationList;
			buildConfigurations = (
				DA2B581F24EA6E3B00548761 /* Debug */,
				DA2B582024EA6E3B00548761 /* Release */,
			);
			defaultConfigurationIsVisible = 0;
			defaultConfigurationName = Release;
		};
/* End XCConfigurationList section */
	};
	rootObject = DA2B580224EA6E3900548761 /* Project object */;
}
